# THIS IS AN AUTOGENERATED FILE. DO NOT EDIT THIS FILE DIRECTLY.
# yarn lockfile v1


"@actions/github@^5.1.1":
  version "5.1.1"
  resolved "https://registry.yarnpkg.com/@actions/github/-/github-5.1.1.tgz#40b9b9e1323a5efcf4ff7dadd33d8ea51651bbcb"
  integrity sha512-Nk59rMDoJaV+mHCOJPXuvB1zIbomlKS0dmSIqPGxd0enAXBnOfn4VWF+CGtRCwXZG9Epa54tZA7VIRlJDS8A6g==
  dependencies:
    "@actions/http-client" "^2.0.1"
    "@octokit/core" "^3.6.0"
    "@octokit/plugin-paginate-rest" "^2.17.0"
    "@octokit/plugin-rest-endpoint-methods" "^5.13.0"

"@actions/http-client@^2.0.1":
  version "2.0.1"
  resolved "https://registry.yarnpkg.com/@actions/http-client/-/http-client-2.0.1.tgz#873f4ca98fe32f6839462a6f046332677322f99c"
  integrity sha512-PIXiMVtz6VvyaRsGY268qvj57hXQEpsYogYOu2nrQhlf+XCGmZstmuZBbAybUl1nQGnvS1k1eEsQ69ZoD7xlSw==
  dependencies:
    tunnel "^0.0.6"

"@esbuild/android-arm64@0.16.12":
  version "0.16.12"
  resolved "https://registry.yarnpkg.com/@esbuild/android-arm64/-/android-arm64-0.16.12.tgz#86c4fdd7c0d65fe9dcbe138fbe72720658ec3b88"
  integrity sha512-0LacmiIW+X0/LOLMZqYtZ7d4uY9fxYABAYhSSOu+OGQVBqH4N5eIYgkT7bBFnR4Nm3qo6qS3RpHKVrDASqj/uQ==

"@esbuild/android-arm@0.16.12":
  version "0.16.12"
  resolved "https://registry.yarnpkg.com/@esbuild/android-arm/-/android-arm-0.16.12.tgz#15e33bb1c8c2f560fbb27cda227c0fa22d83d0ef"
  integrity sha512-CTWgMJtpCyCltrvipZrrcjjRu+rzm6pf9V8muCsJqtKujR3kPmU4ffbckvugNNaRmhxAF1ZI3J+0FUIFLFg8KA==

"@esbuild/android-x64@0.16.12":
  version "0.16.12"
  resolved "https://registry.yarnpkg.com/@esbuild/android-x64/-/android-x64-0.16.12.tgz#3b0ddaf59fdf94e8e9fcb2aa6537cbab93d5fe22"
  integrity sha512-sS5CR3XBKQXYpSGMM28VuiUnbX83Z+aWPZzClW+OB2JquKqxoiwdqucJ5qvXS8pM6Up3RtJfDnRQZkz3en2z5g==

"@esbuild/darwin-arm64@0.16.12":
  version "0.16.12"
  resolved "https://registry.yarnpkg.com/@esbuild/darwin-arm64/-/darwin-arm64-0.16.12.tgz#ac6c5d85cabf20de5047b55eab7f3c252d9aae71"
  integrity sha512-Dpe5hOAQiQRH20YkFAg+wOpcd4PEuXud+aGgKBQa/VriPJA8zuVlgCOSTwna1CgYl05lf6o5els4dtuyk1qJxQ==

"@esbuild/darwin-x64@0.16.12":
  version "0.16.12"
  resolved "https://registry.yarnpkg.com/@esbuild/darwin-x64/-/darwin-x64-0.16.12.tgz#3433e6432dd474994302bcfe35c5420fae46a206"
  integrity sha512-ApGRA6X5txIcxV0095X4e4KKv87HAEXfuDRcGTniDWUUN+qPia8sl/BqG/0IomytQWajnUn4C7TOwHduk/FXBQ==

"@esbuild/freebsd-arm64@0.16.12":
  version "0.16.12"
  resolved "https://registry.yarnpkg.com/@esbuild/freebsd-arm64/-/freebsd-arm64-0.16.12.tgz#b150587dc54dc2369cb826e6ee9f94fc5ec14635"
  integrity sha512-AMdK2gA9EU83ccXCWS1B/KcWYZCj4P3vDofZZkl/F/sBv/fphi2oUqUTox/g5GMcIxk8CF1CVYTC82+iBSyiUg==

"@esbuild/freebsd-x64@0.16.12":
  version "0.16.12"
  resolved "https://registry.yarnpkg.com/@esbuild/freebsd-x64/-/freebsd-x64-0.16.12.tgz#e682a61cde8d6332aaeb4c2b28fce0d833928903"
  integrity sha512-KUKB9w8G/xaAbD39t6gnRBuhQ8vIYYlxGT2I+mT6UGRnCGRr1+ePFIGBQmf5V16nxylgUuuWVW1zU2ktKkf6WQ==

"@esbuild/linux-arm64@0.16.12":
  version "0.16.12"
  resolved "https://registry.yarnpkg.com/@esbuild/linux-arm64/-/linux-arm64-0.16.12.tgz#d0d75e10796d4f1414ecaf16a8071ce05446cb9f"
  integrity sha512-29HXMLpLklDfmw7T2buGqq3HImSUaZ1ArmrPOMaNiZZQptOSZs32SQtOHEl8xWX5vfdwZqrBfNf8Te4nArVzKQ==

"@esbuild/linux-arm@0.16.12":
  version "0.16.12"
  resolved "https://registry.yarnpkg.com/@esbuild/linux-arm/-/linux-arm-0.16.12.tgz#945ebcd99205fadea5ee22bff624189bd95c0484"
  integrity sha512-vhDdIv6z4eL0FJyNVfdr3C/vdd/Wc6h1683GJsFoJzfKb92dU/v88FhWdigg0i6+3TsbSDeWbsPUXb4dif2abg==

"@esbuild/linux-ia32@0.16.12":
  version "0.16.12"
  resolved "https://registry.yarnpkg.com/@esbuild/linux-ia32/-/linux-ia32-0.16.12.tgz#132e61b2124eee6033bf7f0d5b312c02524d39db"
  integrity sha512-JFDuNDTTfgD1LJg7wHA42o2uAO/9VzHYK0leAVnCQE/FdMB599YMH73ux+nS0xGr79pv/BK+hrmdRin3iLgQjg==

"@esbuild/linux-loong64@0.16.12":
  version "0.16.12"
  resolved "https://registry.yarnpkg.com/@esbuild/linux-loong64/-/linux-loong64-0.16.12.tgz#d27dc1e203c0d0516c1daadb7988f88b643f8ea2"
  integrity sha512-xTGzVPqm6WKfCC0iuj1fryIWr1NWEM8DMhAIo+4rFgUtwy/lfHl+Obvus4oddzRDbBetLLmojfVZGmt/g/g+Rw==

"@esbuild/linux-mips64el@0.16.12":
  version "0.16.12"
  resolved "https://registry.yarnpkg.com/@esbuild/linux-mips64el/-/linux-mips64el-0.16.12.tgz#9616c378ca76f12d06ffaf242da68a58be966a18"
  integrity sha512-zI1cNgHa3Gol+vPYjIYHzKhU6qMyOQrvZ82REr5Fv7rlh5PG6SkkuCoH7IryPqR+BK2c/7oISGsvPJPGnO2bHQ==

"@esbuild/linux-ppc64@0.16.12":
  version "0.16.12"
  resolved "https://registry.yarnpkg.com/@esbuild/linux-ppc64/-/linux-ppc64-0.16.12.tgz#b033a248212249c05c162b64124744345a041f92"
  integrity sha512-/C8OFXExoMmvTDIOAM54AhtmmuDHKoedUd0Otpfw3+AuuVGemA1nQK99oN909uZbLEU6Bi+7JheFMG3xGfZluQ==

"@esbuild/linux-riscv64@0.16.12":
  version "0.16.12"
  resolved "https://registry.yarnpkg.com/@esbuild/linux-riscv64/-/linux-riscv64-0.16.12.tgz#b6476abff413b5b472e6cf093086b9d5be4553a8"
  integrity sha512-qeouyyc8kAGV6Ni6Isz8hUsKMr00EHgVwUKWNp1r4l88fHEoNTDB8mmestvykW6MrstoGI7g2EAsgr0nxmuGYg==

"@esbuild/linux-s390x@0.16.12":
  version "0.16.12"
  resolved "https://registry.yarnpkg.com/@esbuild/linux-s390x/-/linux-s390x-0.16.12.tgz#981a639f8c2a2e0646f47eba0fae7c2c270b208b"
  integrity sha512-s9AyI/5vz1U4NNqnacEGFElqwnHusWa81pskAf8JNDM2eb6b2E6PpBmT8RzeZv6/TxE6/TADn2g9bb0jOUmXwQ==

"@esbuild/linux-x64@0.16.12":
  version "0.16.12"
  resolved "https://registry.yarnpkg.com/@esbuild/linux-x64/-/linux-x64-0.16.12.tgz#01b777229d8baf068eeeb7cd7c396aea4d1ebd36"
  integrity sha512-e8YA7GQGLWhvakBecLptUiKxOk4E/EPtSckS1i0MGYctW8ouvNUoh7xnU15PGO2jz7BYl8q1R6g0gE5HFtzpqQ==

"@esbuild/netbsd-x64@0.16.12":
  version "0.16.12"
  resolved "https://registry.yarnpkg.com/@esbuild/netbsd-x64/-/netbsd-x64-0.16.12.tgz#6d4b9de7dc3ac99bf04653fe640b3be63c57b1aa"
  integrity sha512-z2+kUxmOqBS+6SRVd57iOLIHE8oGOoEnGVAmwjm2aENSP35HPS+5cK+FL1l+rhrsJOFIPrNHqDUNechpuG96Sg==

"@esbuild/openbsd-x64@0.16.12":
  version "0.16.12"
  resolved "https://registry.yarnpkg.com/@esbuild/openbsd-x64/-/openbsd-x64-0.16.12.tgz#2a28010b1848466586d5e2189e9f1b8334b65708"
  integrity sha512-PAonw4LqIybwn2/vJujhbg1N9W2W8lw9RtXIvvZoyzoA/4rA4CpiuahVbASmQohiytRsixbNoIOUSjRygKXpyA==

"@esbuild/sunos-x64@0.16.12":
  version "0.16.12"
  resolved "https://registry.yarnpkg.com/@esbuild/sunos-x64/-/sunos-x64-0.16.12.tgz#3ee120008cc759d604825dd25501152071ef30f0"
  integrity sha512-+wr1tkt1RERi+Zi/iQtkzmMH4nS8+7UIRxjcyRz7lur84wCkAITT50Olq/HiT4JN2X2bjtlOV6vt7ptW5Gw60Q==

"@esbuild/win32-arm64@0.16.12":
  version "0.16.12"
  resolved "https://registry.yarnpkg.com/@esbuild/win32-arm64/-/win32-arm64-0.16.12.tgz#8c599a91f1c55b3df304c450ac0613855c10502e"
  integrity sha512-XEjeUSHmjsAOJk8+pXJu9pFY2O5KKQbHXZWQylJzQuIBeiGrpMeq9sTVrHefHxMOyxUgoKQTcaTS+VK/K5SviA==

"@esbuild/win32-ia32@0.16.12":
  version "0.16.12"
  resolved "https://registry.yarnpkg.com/@esbuild/win32-ia32/-/win32-ia32-0.16.12.tgz#102b5a44b514f8849a10cc4cc618c60c70a4c536"
  integrity sha512-eRKPM7e0IecUAUYr2alW7JGDejrFJXmpjt4MlfonmQ5Rz9HWpKFGCjuuIRgKO7W9C/CWVFXdJ2GjddsBXqQI4A==

"@esbuild/win32-x64@0.16.12":
  version "0.16.12"
  resolved "https://registry.yarnpkg.com/@esbuild/win32-x64/-/win32-x64-0.16.12.tgz#31197bb509049b63c059c4808ac58e66fdff7479"
  integrity sha512-iPYKN78t3op2+erv2frW568j1q0RpqX6JOLZ7oPPaAV1VaF7dDstOrNw37PVOYoTWE11pV4A1XUitpdEFNIsPg==

"@octokit/auth-token@^2.4.4":
  version "2.5.0"
  resolved "https://registry.yarnpkg.com/@octokit/auth-token/-/auth-token-2.5.0.tgz#27c37ea26c205f28443402477ffd261311f21e36"
  integrity sha512-r5FVUJCOLl19AxiuZD2VRZ/ORjp/4IN98Of6YJoJOkY75CIBuYfmiNHGrDwXr+aLGG55igl9QrxX3hbiXlLb+g==
  dependencies:
    "@octokit/types" "^6.0.3"

"@octokit/core@^3.6.0":
  version "3.6.0"
  resolved "https://registry.yarnpkg.com/@octokit/core/-/core-3.6.0.tgz#3376cb9f3008d9b3d110370d90e0a1fcd5fe6085"
  integrity sha512-7RKRKuA4xTjMhY+eG3jthb3hlZCsOwg3rztWh75Xc+ShDWOfDDATWbeZpAHBNRpm4Tv9WgBMOy1zEJYXG6NJ7Q==
  dependencies:
    "@octokit/auth-token" "^2.4.4"
    "@octokit/graphql" "^4.5.8"
    "@octokit/request" "^5.6.3"
    "@octokit/request-error" "^2.0.5"
    "@octokit/types" "^6.0.3"
    before-after-hook "^2.2.0"
    universal-user-agent "^6.0.0"

"@octokit/endpoint@^6.0.1":
  version "6.0.12"
  resolved "https://registry.yarnpkg.com/@octokit/endpoint/-/endpoint-6.0.12.tgz#3b4d47a4b0e79b1027fb8d75d4221928b2d05658"
  integrity sha512-lF3puPwkQWGfkMClXb4k/eUT/nZKQfxinRWJrdZaJO85Dqwo/G0yOC434Jr2ojwafWJMYqFGFa5ms4jJUgujdA==
  dependencies:
    "@octokit/types" "^6.0.3"
    is-plain-object "^5.0.0"
    universal-user-agent "^6.0.0"

"@octokit/graphql@^4.5.8":
  version "4.8.0"
  resolved "https://registry.yarnpkg.com/@octokit/graphql/-/graphql-4.8.0.tgz#664d9b11c0e12112cbf78e10f49a05959aa22cc3"
  integrity sha512-0gv+qLSBLKF0z8TKaSKTsS39scVKF9dbMxJpj3U0vC7wjNWFuIpL/z76Qe2fiuCbDRcJSavkXsVtMS6/dtQQsg==
  dependencies:
    "@octokit/request" "^5.6.0"
    "@octokit/types" "^6.0.3"
    universal-user-agent "^6.0.0"

"@octokit/openapi-types@^12.11.0":
  version "12.11.0"
  resolved "https://registry.yarnpkg.com/@octokit/openapi-types/-/openapi-types-12.11.0.tgz#da5638d64f2b919bca89ce6602d059f1b52d3ef0"
  integrity sha512-VsXyi8peyRq9PqIz/tpqiL2w3w80OgVMwBHltTml3LmVvXiphgeqmY9mvBw9Wu7e0QWk/fqD37ux8yP5uVekyQ==

"@octokit/plugin-paginate-rest@^2.17.0":
  version "2.21.3"
  resolved "https://registry.yarnpkg.com/@octokit/plugin-paginate-rest/-/plugin-paginate-rest-2.21.3.tgz#7f12532797775640dbb8224da577da7dc210c87e"
  integrity sha512-aCZTEf0y2h3OLbrgKkrfFdjRL6eSOo8komneVQJnYecAxIej7Bafor2xhuDJOIFau4pk0i/P28/XgtbyPF0ZHw==
  dependencies:
    "@octokit/types" "^6.40.0"

"@octokit/plugin-rest-endpoint-methods@^5.13.0":
  version "5.16.2"
  resolved "https://registry.yarnpkg.com/@octokit/plugin-rest-endpoint-methods/-/plugin-rest-endpoint-methods-5.16.2.tgz#7ee8bf586df97dd6868cf68f641354e908c25342"
  integrity sha512-8QFz29Fg5jDuTPXVtey05BLm7OB+M8fnvE64RNegzX7U+5NUXcOcnpTIK0YfSHBg8gYd0oxIq3IZTe9SfPZiRw==
  dependencies:
    "@octokit/types" "^6.39.0"
    deprecation "^2.3.1"

"@octokit/request-error@^2.0.5", "@octokit/request-error@^2.1.0":
  version "2.1.0"
  resolved "https://registry.yarnpkg.com/@octokit/request-error/-/request-error-2.1.0.tgz#9e150357831bfc788d13a4fd4b1913d60c74d677"
  integrity sha512-1VIvgXxs9WHSjicsRwq8PlR2LR2x6DwsJAaFgzdi0JfJoGSO8mYI/cHJQ+9FbN21aa+DrgNLnwObmyeSC8Rmpg==
  dependencies:
    "@octokit/types" "^6.0.3"
    deprecation "^2.0.0"
    once "^1.4.0"

"@octokit/request@^5.6.0", "@octokit/request@^5.6.3":
  version "5.6.3"
  resolved "https://registry.yarnpkg.com/@octokit/request/-/request-5.6.3.tgz#19a022515a5bba965ac06c9d1334514eb50c48b0"
  integrity sha512-bFJl0I1KVc9jYTe9tdGGpAMPy32dLBXXo1dS/YwSCTL/2nd9XeHsY616RE3HPXDVk+a+dBuzyz5YdlXwcDTr2A==
  dependencies:
    "@octokit/endpoint" "^6.0.1"
    "@octokit/request-error" "^2.1.0"
    "@octokit/types" "^6.16.1"
    is-plain-object "^5.0.0"
    node-fetch "^2.6.7"
    universal-user-agent "^6.0.0"

"@octokit/types@^6.0.3", "@octokit/types@^6.16.1", "@octokit/types@^6.39.0", "@octokit/types@^6.40.0":
  version "6.41.0"
  resolved "https://registry.yarnpkg.com/@octokit/types/-/types-6.41.0.tgz#e58ef78d78596d2fb7df9c6259802464b5f84a04"
  integrity sha512-eJ2jbzjdijiL3B4PrSQaSjuF2sPEQPVCPzBvTHJD9Nz+9dw2SGH4K4xeQJ77YfTq5bRQ+bD8wT11JbeDPmxmGg==
  dependencies:
    "@octokit/openapi-types" "^12.11.0"

"@tauri-apps/api@^1.2.0":
  version "1.2.0"
  resolved "https://registry.yarnpkg.com/@tauri-apps/api/-/api-1.2.0.tgz#1f196b3e012971227f41b98214c846430a4eb477"
  integrity sha512-lsI54KI6HGf7VImuf/T9pnoejfgkNoXveP14pVV7XarrQ46rOejIVJLFqHI9sRReJMGdh2YuCoI3cc/yCWCsrw==

"@tauri-apps/cli-darwin-arm64@1.2.2":
  version "1.2.2"
  resolved "https://registry.yarnpkg.com/@tauri-apps/cli-darwin-arm64/-/cli-darwin-arm64-1.2.2.tgz#f18b0689b399b64dc67da41c0fd4da474be324fe"
  integrity sha512-W+Cp2weUMlvmGkRJeUjypbz9Lpl6o98xkgKAtobZSum5SNwpsBQfawJTESakNoD+FXyVg/snIk5sRdHge+tAaA==

"@tauri-apps/cli-darwin-x64@1.2.2":
  version "1.2.2"
  resolved "https://registry.yarnpkg.com/@tauri-apps/cli-darwin-x64/-/cli-darwin-x64-1.2.2.tgz#4450bd244f586da346651f62a5a41686cee36db7"
  integrity sha512-vmVAqt+ECH2d6cbcGJ7ddcCAZgmKe5xmxlL5r4xoaphu7OqU4gnv4VFURYkVltOfwzIFQVOPVSqwYyIDToCYNQ==

"@tauri-apps/cli-linux-arm-gnueabihf@1.2.2":
  version "1.2.2"
  resolved "https://registry.yarnpkg.com/@tauri-apps/cli-linux-arm-gnueabihf/-/cli-linux-arm-gnueabihf-1.2.2.tgz#a4d5b95665620605fb0f54cb77f8134239b58370"
  integrity sha512-yYTdQurgi4QZR8z+fANjl522jdQz/VtesFpw+C/A0+zXg7tiRjicsywBDdPsvNzCqFeGKKkmTR+Lny5qxhGaeQ==

"@tauri-apps/cli-linux-arm64-gnu@1.2.2":
  version "1.2.2"
  resolved "https://registry.yarnpkg.com/@tauri-apps/cli-linux-arm64-gnu/-/cli-linux-arm64-gnu-1.2.2.tgz#c992907586b42e2085160d45b3a17316c99febea"
  integrity sha512-ZSOVT6Eq1ay2+27B8KfA0MnpO7KYzONU6TjenH7DNcQki6eWGG5JoNu8QQ9Mdn3dAzY0XBP9i1ZHQOFu4iPtEg==

"@tauri-apps/cli-linux-arm64-musl@1.2.2":
  version "1.2.2"
  resolved "https://registry.yarnpkg.com/@tauri-apps/cli-linux-arm64-musl/-/cli-linux-arm64-musl-1.2.2.tgz#f8bd7901ce525b8433919e2cfe7ec22aace0f776"
  integrity sha512-/NHSkqNQ+Pr4PshvyD1CeNFaPCaCpe1OeuAQgVi0rboSecC9fXN96G5dQbSBoxOUcCo6f8aTVE7zkZ4WchFVog==

"@tauri-apps/cli-linux-x64-gnu@1.2.2":
  version "1.2.2"
  resolved "https://registry.yarnpkg.com/@tauri-apps/cli-linux-x64-gnu/-/cli-linux-x64-gnu-1.2.2.tgz#a558862d7101b0a641c5a994c9ee74edb8300fc5"
  integrity sha512-4YTmfPuyvlHsvCkATDMwhklfuQm3HKxYXv/IOW9H0ra6pS9efVhrFYIC9Vfv6XaKN85Vnn/FYTEGMJLwCxZw2Q==

"@tauri-apps/cli-linux-x64-musl@1.2.2":
  version "1.2.2"
  resolved "https://registry.yarnpkg.com/@tauri-apps/cli-linux-x64-musl/-/cli-linux-x64-musl-1.2.2.tgz#573e965a638864a65b606783d3dbd34114939277"
  integrity sha512-wr46tbscwFuCcA931R+ItOiUTT0djMmgKLd1HFCmFF82V9BKE2reIjr6O9l0NCXCo2WeD4pe3jA/Pt1dxDu+JA==

"@tauri-apps/cli-win32-ia32-msvc@1.2.2":
  version "1.2.2"
  resolved "https://registry.yarnpkg.com/@tauri-apps/cli-win32-ia32-msvc/-/cli-win32-ia32-msvc-1.2.2.tgz#0fe38283ffeb71acac6a6a317951dc75ec2d3dad"
  integrity sha512-6VmbVJOWUZJK5/JKhb3mNFKrKGfq0KV7lJGumfN95WJgkHeyL61p8bZit+o6ZgUGUhrOabkAawhDkrRY+ZQhIw==

"@tauri-apps/cli-win32-x64-msvc@1.2.2":
  version "1.2.2"
  resolved "https://registry.yarnpkg.com/@tauri-apps/cli-win32-x64-msvc/-/cli-win32-x64-msvc-1.2.2.tgz#9b8ea7c63f2883af105e204fc4f1f11a83990a59"
  integrity sha512-YRPJguJma+zSuRZpFoSZqls6+laggG1vqG0FPQWQTi+ywATgMpai2b2RZnffDlpHKp9mt4V/s2dtqOy6bpGZHg==

"@tauri-apps/cli@^1.2.2":
  version "1.2.2"
  resolved "https://registry.yarnpkg.com/@tauri-apps/cli/-/cli-1.2.2.tgz#cf7cb90d11c3c3b757efe07b7e2c48abde045ada"
  integrity sha512-D8zib3A0vWCvPPSyYLxww/OdDlVcY7fpcDVBH6qUvheOjj2aCyU7H9AYMRBwpgCfz8zY5+vomee+laLeB0H13w==
  optionalDependencies:
    "@tauri-apps/cli-darwin-arm64" "1.2.2"
    "@tauri-apps/cli-darwin-x64" "1.2.2"
    "@tauri-apps/cli-linux-arm-gnueabihf" "1.2.2"
    "@tauri-apps/cli-linux-arm64-gnu" "1.2.2"
    "@tauri-apps/cli-linux-arm64-musl" "1.2.2"
    "@tauri-apps/cli-linux-x64-gnu" "1.2.2"
    "@tauri-apps/cli-linux-x64-musl" "1.2.2"
    "@tauri-apps/cli-win32-ia32-msvc" "1.2.2"
    "@tauri-apps/cli-win32-x64-msvc" "1.2.2"

"@types/node@^18.11.18":
  version "18.11.18"
  resolved "https://registry.yarnpkg.com/@types/node/-/node-18.11.18.tgz#8dfb97f0da23c2293e554c5a50d61ef134d7697f"
  integrity sha512-DHQpWGjyQKSHj3ebjFI/wRKcqQcdR+MoFBygntYOZytCqNfkd2ZC4ARDJ2DQqhjH5p85Nnd3jhUJIXrszFX/JA==

before-after-hook@^2.2.0:
  version "2.2.3"
  resolved "https://registry.yarnpkg.com/before-after-hook/-/before-after-hook-2.2.3.tgz#c51e809c81a4e354084422b9b26bad88249c517c"
  integrity sha512-NzUnlZexiaH/46WDhANlyR2bXRopNg4F/zuSA3OpZnllCUgRaOF2znDioDWrmbNVsuZk6l9pMquQB38cfBZwkQ==

cross-spawn@^7.0.3:
  version "7.0.3"
  resolved "https://registry.yarnpkg.com/cross-spawn/-/cross-spawn-7.0.3.tgz#f73a85b9d5d41d045551c177e2882d4ac85728a6"
  integrity sha512-iRDPJKUPVEND7dHPO8rkbOnPpyDygcDFtWjpeWNCgy8WP2rXcxXL8TskReQl6OrB2G7+UJrags1q15Fudc7G6w==
  dependencies:
    path-key "^3.1.0"
    shebang-command "^2.0.0"
    which "^2.0.1"

data-uri-to-buffer@^4.0.0:
  version "4.0.0"
  resolved "https://registry.yarnpkg.com/data-uri-to-buffer/-/data-uri-to-buffer-4.0.0.tgz#b5db46aea50f6176428ac05b73be39a57701a64b"
  integrity sha512-Vr3mLBA8qWmcuschSLAOogKgQ/Jwxulv3RNE4FXnYWRGujzrRWQI4m12fQqRkwX06C0KanhLr4hK+GydchZsaA==

deprecation@^2.0.0, deprecation@^2.3.1:
  version "2.3.1"
  resolved "https://registry.yarnpkg.com/deprecation/-/deprecation-2.3.1.tgz#6368cbdb40abf3373b525ac87e4a260c3a700919"
  integrity sha512-xmHIy4F3scKVwMsQ4WnVaS8bHOx0DmVwRywosKhaILI0ywMDWPtBSku2HNxRvF7jtwDRsoEwYQSfbxj8b7RlJQ==

dotenv-cli@^6.0.0:
  version "6.0.0"
  resolved "https://registry.yarnpkg.com/dotenv-cli/-/dotenv-cli-6.0.0.tgz#8a30cbc59d0a8aaa166b2fee0a9a55e23a1223ab"
  integrity sha512-qXlCOi3UMDhCWFKe0yq5sg3X+pJAz+RQDiFN38AMSbUrnY3uZshSfDJUAge951OS7J9gwLZGfsBlWRSOYz/TRg==
  dependencies:
    cross-spawn "^7.0.3"
    dotenv "^16.0.0"
    dotenv-expand "^8.0.1"
    minimist "^1.2.5"

dotenv-expand@^8.0.1:
  version "8.0.3"
  resolved "https://registry.yarnpkg.com/dotenv-expand/-/dotenv-expand-8.0.3.tgz#29016757455bcc748469c83a19b36aaf2b83dd6e"
  integrity sha512-SErOMvge0ZUyWd5B0NXMQlDkN+8r+HhVUsxgOO7IoPDOdDRD2JjExpN6y3KnFR66jsJMwSn1pqIivhU5rcJiNg==

dotenv@^16.0.0:
  version "16.0.3"
  resolved "https://registry.yarnpkg.com/dotenv/-/dotenv-16.0.3.tgz#115aec42bac5053db3c456db30cc243a5a836a07"
  integrity sha512-7GO6HghkA5fYG9TYnNxi14/7K9f5occMlp3zXAuSxn7CKCxt9xbNWG7yF8hTCSUchlfWSe3uLmlPfigevRItzQ==

esbuild@^0.16.3:
  version "0.16.12"
  resolved "https://registry.yarnpkg.com/esbuild/-/esbuild-0.16.12.tgz#60850b9ad2f103f1c4316be42c34d5023f27378d"
  integrity sha512-eq5KcuXajf2OmivCl4e89AD3j8fbV+UTE9vczEzq5haA07U9oOTzBWlh3+6ZdjJR7Rz2QfWZ2uxZyhZxBgJ4+g==
  optionalDependencies:
    "@esbuild/android-arm" "0.16.12"
    "@esbuild/android-arm64" "0.16.12"
    "@esbuild/android-x64" "0.16.12"
    "@esbuild/darwin-arm64" "0.16.12"
    "@esbuild/darwin-x64" "0.16.12"
    "@esbuild/freebsd-arm64" "0.16.12"
    "@esbuild/freebsd-x64" "0.16.12"
    "@esbuild/linux-arm" "0.16.12"
    "@esbuild/linux-arm64" "0.16.12"
    "@esbuild/linux-ia32" "0.16.12"
    "@esbuild/linux-loong64" "0.16.12"
    "@esbuild/linux-mips64el" "0.16.12"
    "@esbuild/linux-ppc64" "0.16.12"
    "@esbuild/linux-riscv64" "0.16.12"
    "@esbuild/linux-s390x" "0.16.12"
    "@esbuild/linux-x64" "0.16.12"
    "@esbuild/netbsd-x64" "0.16.12"
    "@esbuild/openbsd-x64" "0.16.12"
    "@esbuild/sunos-x64" "0.16.12"
    "@esbuild/win32-arm64" "0.16.12"
    "@esbuild/win32-ia32" "0.16.12"
    "@esbuild/win32-x64" "0.16.12"

fetch-blob@^3.1.2, fetch-blob@^3.1.4:
  version "3.2.0"
  resolved "https://registry.yarnpkg.com/fetch-blob/-/fetch-blob-3.2.0.tgz#f09b8d4bbd45adc6f0c20b7e787e793e309dcce9"
  integrity sha512-7yAQpD2UMJzLi1Dqv7qFYnPbaPx7ZfFK6PiIxQ4PfkGPyNyl2Ugx+a/umUonmKqjhM4DnfbMvdX6otXq83soQQ==
  dependencies:
    node-domexception "^1.0.0"
    web-streams-polyfill "^3.0.3"

formdata-polyfill@^4.0.10:
  version "4.0.10"
  resolved "https://registry.yarnpkg.com/formdata-polyfill/-/formdata-polyfill-4.0.10.tgz#24807c31c9d402e002ab3d8c720144ceb8848423"
  integrity sha512-buewHzMvYL29jdeQTVILecSaZKnt/RJWjoZCF5OW60Z67/GmSLBkOFM7qh1PI3zFNtJbaZL5eQu1vLfazOwj4g==
  dependencies:
    fetch-blob "^3.1.2"

fsevents@~2.3.2:
  version "2.3.2"
  resolved "https://registry.yarnpkg.com/fsevents/-/fsevents-2.3.2.tgz#8a526f78b8fdf4623b709e0b975c52c24c02fd1a"
  integrity sha512-xiqMQR4xAeHTuB9uWm+fFRcIOgKBMiOBP+eXiyT7jsgVCq1bkVygt00oASowB7EdtpOHaaPgKt812P9ab+DDKA==

function-bind@^1.1.1:
  version "1.1.1"
  resolved "https://registry.yarnpkg.com/function-bind/-/function-bind-1.1.1.tgz#a56899d3ea3c9bab874bb9773b7c5ede92f4895d"
  integrity sha512-yIovAzMX49sF8Yl58fSCWJ5svSLuaibPxXQJFLmBObTuCr0Mf1KiPopGM9NiFjiYBCbfaa2Fh6breQ6ANVTI0A==

has@^1.0.3:
  version "1.0.3"
  resolved "https://registry.yarnpkg.com/has/-/has-1.0.3.tgz#722d7cbfc1f6aa8241f16dd814e011e1f41e8796"
  integrity sha512-f2dvO0VU6Oej7RkWJGrehjbzMAjFp5/VKPp5tTpWIV4JHHZK1/BxbFRtf/siA2SWTe09caDmVtYYzWEIbBS4zw==
  dependencies:
    function-bind "^1.1.1"

is-core-module@^2.9.0:
  version "2.11.0"
  resolved "https://registry.yarnpkg.com/is-core-module/-/is-core-module-2.11.0.tgz#ad4cb3e3863e814523c96f3f58d26cc570ff0144"
  integrity sha512-RRjxlvLDkD1YJwDbroBHMb+cukurkDWNyHx7D3oNB5x9rb5ogcksMC5wHCadcXoo67gVr/+3GFySh3134zi6rw==
  dependencies:
    has "^1.0.3"

is-plain-object@^5.0.0:
  version "5.0.0"
  resolved "https://registry.yarnpkg.com/is-plain-object/-/is-plain-object-5.0.0.tgz#4427f50ab3429e9025ea7d52e9043a9ef4159344"
  integrity sha512-VRSzKkbMm5jMDoKLbltAkFQ5Qr7VDiTFGXxYFXXowVj387GeGNOCsOH6Msy00SGZ3Fp84b1Naa1psqgcCIEP5Q==

isexe@^2.0.0:
  version "2.0.0"
  resolved "https://registry.yarnpkg.com/isexe/-/isexe-2.0.0.tgz#e8fbf374dc556ff8947a10dcb0572d633f2cfa10"
  integrity sha512-RHxMLp9lnKHGHRng9QFhRCMbYAcVpn69smSGcq3f36xjgVVWThj4qqLbTLlq7Ssj8B+fIQ1EuCEGI2lKsyQeIw==

kleur@^4.1.5:
  version "4.1.5"
  resolved "https://registry.yarnpkg.com/kleur/-/kleur-4.1.5.tgz#95106101795f7050c6c650f350c683febddb1780"
  integrity sha512-o+NO+8WrRiQEE4/7nwRJhN1HWpVmJm511pBHUxPLtp0BUISzlBplORYSmTclCnJvQq2tKu/sgl3xVpkc7ZWuQQ==

minimist@^1.2.5, minimist@^1.2.7:
  version "1.2.7"
  resolved "https://registry.yarnpkg.com/minimist/-/minimist-1.2.7.tgz#daa1c4d91f507390437c6a8bc01078e7000c4d18"
  integrity sha512-bzfL1YUZsP41gmu/qjrEk0Q6i2ix/cVeAhbCbqH9u3zYutS1cLg00qhrD0M2MVdCcx4Sc0UpP2eBWo9rotpq6g==

nanoid@^3.3.4:
  version "3.3.4"
  resolved "https://registry.yarnpkg.com/nanoid/-/nanoid-3.3.4.tgz#730b67e3cd09e2deacf03c027c81c9d9dbc5e8ab"
  integrity sha512-MqBkQh/OHTS2egovRtLk45wEyNXwF+cokD+1YPf9u5VfJiRdAiRwB2froX5Co9Rh20xs4siNPm8naNotSD6RBw==

node-domexception@^1.0.0:
  version "1.0.0"
  resolved "https://registry.yarnpkg.com/node-domexception/-/node-domexception-1.0.0.tgz#6888db46a1f71c0b76b3f7555016b63fe64766e5"
  integrity sha512-/jKZoMpw0F8GRwl4/eLROPA3cfcXtLApP0QzLmUT/HuPCZWyB7IY9ZrMeKw2O/nFIqPQB3PVM9aYm0F312AXDQ==

node-fetch@^2.6.7:
  version "2.6.7"
  resolved "https://registry.yarnpkg.com/node-fetch/-/node-fetch-2.6.7.tgz#24de9fba827e3b4ae44dc8b20256a379160052ad"
  integrity sha512-ZjMPFEfVx5j+y2yF35Kzx5sF7kDzxuDj6ziH4FFbOp87zKDZNx8yExJIb05OGF4Nlt9IHFIMBkRl41VdvcNdbQ==
  dependencies:
    whatwg-url "^5.0.0"

node-fetch@^3.3.0:
  version "3.3.0"
  resolved "https://registry.yarnpkg.com/node-fetch/-/node-fetch-3.3.0.tgz#37e71db4ecc257057af828d523a7243d651d91e4"
  integrity sha512-BKwRP/O0UvoMKp7GNdwPlObhYGB5DQqwhEDQlNKuoqwVYSxkSZCSbHjnFFmUEtwSKRPU4kNK8PbDYYitwaE3QA==
  dependencies:
    data-uri-to-buffer "^4.0.0"
    fetch-blob "^3.1.4"
    formdata-polyfill "^4.0.10"

once@^1.4.0:
  version "1.4.0"
  resolved "https://registry.yarnpkg.com/once/-/once-1.4.0.tgz#583b1aa775961d4b113ac17d9c50baef9dd76bd1"
  integrity sha512-lNaJgI+2Q5URQBkccEKHTQOPaXdUxnZZElQTZY0MFUAuaEqe1E+Nyvgdz/aIyNi6Z9MzO5dv1H8n58/GELp3+w==
  dependencies:
    wrappy "1"

path-key@^3.1.0:
  version "3.1.1"
  resolved "https://registry.yarnpkg.com/path-key/-/path-key-3.1.1.tgz#581f6ade658cbba65a0d3380de7753295054f375"
  integrity sha512-ojmeN0qd+y0jszEtoY48r0Peq5dwMEkIlCOu6Q5f41lfkswXuKtYrhgoTpLnyIcHm24Uhqx+5Tqm2InSwLhE6Q==

path-parse@^1.0.7:
  version "1.0.7"
  resolved "https://registry.yarnpkg.com/path-parse/-/path-parse-1.0.7.tgz#fbc114b60ca42b30d9daf5858e4bd68bbedb6735"
  integrity sha512-LDJzPVEEEPR+y48z93A0Ed0yXb8pAByGWo/k5YYdYgpY2/2EsOsksJrq7lOHxryrVOn1ejG6oAp8ahvOIQD8sw==

picocolors@^1.0.0:
  version "1.0.0"
  resolved "https://registry.yarnpkg.com/picocolors/-/picocolors-1.0.0.tgz#cb5bdc74ff3f51892236eaf79d68bc44564ab81c"
  integrity sha512-1fygroTLlHu66zi26VoTDv8yRgm0Fccecssto+MhsZ0D/DGW2sm8E8AjW7NU5VVTRt5GxbeZ5qBuJr+HyLYkjQ==

postcss@^8.4.20:
  version "8.4.20"
  resolved "https://registry.yarnpkg.com/postcss/-/postcss-8.4.20.tgz#64c52f509644cecad8567e949f4081d98349dc56"
  integrity sha512-6Q04AXR1212bXr5fh03u8aAwbLxAQNGQ/Q1LNa0VfOI06ZAlhPHtQvE4OIdpj4kLThXilalPnmDSOD65DcHt+g==
  dependencies:
    nanoid "^3.3.4"
    picocolors "^1.0.0"
    source-map-js "^1.0.2"

resolve@^1.22.1:
  version "1.22.1"
  resolved "https://registry.yarnpkg.com/resolve/-/resolve-1.22.1.tgz#27cb2ebb53f91abb49470a928bba7558066ac177"
  integrity sha512-nBpuuYuY5jFsli/JIs1oldw6fOQCBioohqWZg/2hiaOybXOft4lonv85uDOKXdf8rhyK159cxU5cDcK/NKk8zw==
  dependencies:
    is-core-module "^2.9.0"
    path-parse "^1.0.7"
    supports-preserve-symlinks-flag "^1.0.0"

rollup@^3.7.0:
  version "3.9.0"
  resolved "https://registry.yarnpkg.com/rollup/-/rollup-3.9.0.tgz#0ff7ab7cd71ce3a6ab140c5cf661f2b35eb6aab8"
  integrity sha512-nGGylpmblyjTpF4lEUPgmOw6OVxRvnI6Iuuh6Lz4O/X66cVOX1XJSsqP1YamxQ+mPuFE7qJxLFDSCk8rNv5dDw==
  optionalDependencies:
    fsevents "~2.3.2"

shebang-command@^2.0.0:
  version "2.0.0"
  resolved "https://registry.yarnpkg.com/shebang-command/-/shebang-command-2.0.0.tgz#ccd0af4f8835fbdc265b82461aaf0c36663f34ea"
  integrity sha512-kHxr2zZpYtdmrN1qDjrrX/Z1rR1kG8Dx+gkpK1G4eXmvXswmcE1hTWBWYUzlraYw1/yZp6YuDY77YtvbN0dmDA==
  dependencies:
    shebang-regex "^3.0.0"

shebang-regex@^3.0.0:
  version "3.0.0"
  resolved "https://registry.yarnpkg.com/shebang-regex/-/shebang-regex-3.0.0.tgz#ae16f1644d873ecad843b0307b143362d4c42172"
  integrity sha512-7++dFhtcx3353uBaq8DDR4NuxBetBzC7ZQOhmTQInHEd6bSrXdiEyzCvG07Z44UYdLShWUyXt5M/yhz8ekcb1A==

source-map-js@^1.0.2:
  version "1.0.2"
  resolved "https://registry.yarnpkg.com/source-map-js/-/source-map-js-1.0.2.tgz#adbc361d9c62df380125e7f161f71c826f1e490c"
  integrity sha512-R0XvVJ9WusLiqTCEiGCmICCMplcCkIwwR11mOSD9CR5u+IXYdiseeEuXCVAjS54zqwkLcPNnmU4OeJ6tUrWhDw==

supports-preserve-symlinks-flag@^1.0.0:
  version "1.0.0"
  resolved "https://registry.yarnpkg.com/supports-preserve-symlinks-flag/-/supports-preserve-symlinks-flag-1.0.0.tgz#6eda4bd344a3c94aea376d4cc31bc77311039e09"
  integrity sha512-ot0WnXS9fgdkgIcePe6RHNk1WA8+muPa6cSjeR3V8K27q9BB1rTE3R1p7Hv0z1ZyAc8s6Vvv8DIyWf681MAt0w==

tr46@~0.0.3:
  version "0.0.3"
  resolved "https://registry.yarnpkg.com/tr46/-/tr46-0.0.3.tgz#8184fd347dac9cdc185992f3a6622e14b9d9ab6a"
  integrity sha512-N3WMsuqV66lT30CrXNbEjx4GEwlow3v6rr4mCcv6prnfwhS01rkgyFdjPNBYd9br7LpXV1+Emh01fHnq2Gdgrw==

tunnel@^0.0.6:
  version "0.0.6"
  resolved "https://registry.yarnpkg.com/tunnel/-/tunnel-0.0.6.tgz#72f1314b34a5b192db012324df2cc587ca47f92c"
  integrity sha512-1h/Lnq9yajKY2PEbBadPXj3VxsDDu844OnaAo52UVmIzIvwwtBPIuNvkjuzBlTWpfJyUbG3ez0KSBibQkj4ojg==

typescript@^4.8.2:
  version "4.9.4"
  resolved "https://registry.yarnpkg.com/typescript/-/typescript-4.9.4.tgz#a2a3d2756c079abda241d75f149df9d561091e78"
  integrity sha512-Uz+dTXYzxXXbsFpM86Wh3dKCxrQqUcVMxwU54orwlJjOpO3ao8L7j5lH+dWfTwgCwIuM9GQ2kvVotzYJMXTBZg==

universal-user-agent@^6.0.0:
  version "6.0.0"
  resolved "https://registry.yarnpkg.com/universal-user-agent/-/universal-user-agent-6.0.0.tgz#3381f8503b251c0d9cd21bc1de939ec9df5480ee"
  integrity sha512-isyNax3wXoKaulPDZWHQqbmIx1k2tb9fb3GGDBRxCscfYV2Ch7WxPArBsFEG8s/safwXTT7H4QGhaIkTp9447w==

vite@^4.0.0:
  version "4.0.3"
  resolved "https://registry.yarnpkg.com/vite/-/vite-4.0.3.tgz#de27ad3f263a03ae9419cdc8bc07721eadcba8b9"
  integrity sha512-HvuNv1RdE7deIfQb8mPk51UKjqptO/4RXZ5yXSAvurd5xOckwS/gg8h9Tky3uSbnjYTgUm0hVCet1cyhKd73ZA==
  dependencies:
    esbuild "^0.16.3"
    postcss "^8.4.20"
    resolve "^1.22.1"
    rollup "^3.7.0"
  optionalDependencies:
    fsevents "~2.3.2"

web-streams-polyfill@^3.0.3:
  version "3.2.1"
  resolved "https://registry.yarnpkg.com/web-streams-polyfill/-/web-streams-polyfill-3.2.1.tgz#71c2718c52b45fd49dbeee88634b3a60ceab42a6"
  integrity sha512-e0MO3wdXWKrLbL0DgGnUV7WHVuw9OUvL4hjgnPkIeEvESk74gAITi5G606JtZPp39cd8HA9VQzCIvA49LpPN5Q==

webidl-conversions@^3.0.0:
  version "3.0.1"
  resolved "https://registry.yarnpkg.com/webidl-conversions/-/webidl-conversions-3.0.1.tgz#24534275e2a7bc6be7bc86611cc16ae0a5654871"
  integrity sha512-2JAn3z8AR6rjK8Sm8orRC0h/bcl/DqL7tRPdGZ4I1CjdF+EaMLmYxBHyXuKL849eucPFhvBoxMsflfOb8kxaeQ==

whatwg-url@^5.0.0:
  version "5.0.0"
  resolved "https://registry.yarnpkg.com/whatwg-url/-/whatwg-url-5.0.0.tgz#966454e8765462e37644d3626f6742ce8b70965d"
  integrity sha512-saE57nupxk6v3HY35+jzBwYa0rKSy0XR8JSxZPwgLr7ys0IBzhGviA1/TUGJLmSVqs8pb9AnvICXEuOHLprYTw==
  dependencies:
    tr46 "~0.0.3"
    webidl-conversions "^3.0.0"

which@^2.0.1:
  version "2.0.2"
  resolved "https://registry.yarnpkg.com/which/-/which-2.0.2.tgz#7c6a8dd0a636a0327e10b59c9286eee93f3f51b1"
  integrity sha512-BLI3Tl1TW3Pvl70l3yq3Y64i+awpwXqsGBYWkkqMtnbXgrMD+yj7rhW0kuEDxzJaYXGjEW5ogapKNMEKNMjibA==
  dependencies:
    isexe "^2.0.0"

wrappy@1:
  version "1.0.2"
  resolved "https://registry.yarnpkg.com/wrappy/-/wrappy-1.0.2.tgz#b5243d8f3ec1aa35f1364605bc0d1036e30ab69f"
  integrity sha512-l4Sp/DRseor9wL6EvV2+TuQn63dMkPjZ/sp9XkghTEbV9KlPS1xUsZ3u7/IQO4wxtcFB4bgpQPRcR3QCvezPcQ==
